// !$*UTF8*$!
{
	archiveVersion = 1;
	classes = {
	};
	objectVersion = 46;
	objects = {

/* Begin PBXBuildFile section */
		D63230E11E97330500346BDC /* AppDelegate.swift in Sources */ = {isa = PBXBuildFile; fileRef = D63230E01E97330500346BDC /* AppDelegate.swift */; };
		D63230E81E97330500346BDC /* Assets.xcassets in Resources */ = {isa = PBXBuildFile; fileRef = D63230E71E97330500346BDC /* Assets.xcassets */; };
		F75D30660B0A6456977AA257 /* Pods_BehanceDaily.framework in Frameworks */ = {isa = PBXBuildFile; fileRef = 3446F528EA75BB27EDF743E2 /* Pods_BehanceDaily.framework */; };
/* End PBXBuildFile section */

/* Begin PBXFileReference section */
		3446F528EA75BB27EDF743E2 /* Pods_BehanceDaily.framework */ = {isa = PBXFileReference; explicitFileType = wrapper.framework; includeInIndex = 0; path = Pods_BehanceDaily.framework; sourceTree = BUILT_PRODUCTS_DIR; };
		9306FD3ECAF39FDD289B9191 /* Pods-BehanceDaily.debug.xcconfig */ = {isa = PBXFileReference; includeInIndex = 1; lastKnownFileType = text.xcconfig; name = "Pods-BehanceDaily.debug.xcconfig"; path = "Pods/Target Support Files/Pods-BehanceDaily/Pods-BehanceDaily.debug.xcconfig"; sourceTree = "<group>"; };
		AC605CFF17F5228E7E659B25 /* Pods-BehanceDaily.release.xcconfig */ = {isa = PBXFileReference; includeInIndex = 1; lastKnownFileType = text.xcconfig; name = "Pods-BehanceDaily.release.xcconfig"; path = "Pods/Target Support Files/Pods-BehanceDaily/Pods-BehanceDaily.release.xcconfig"; sourceTree = "<group>"; };
		D63230DD1E97330500346BDC /* BehanceDaily.app */ = {isa = PBXFileReference; explicitFileType = wrapper.application; includeInIndex = 0; path = BehanceDaily.app; sourceTree = BUILT_PRODUCTS_DIR; };
		D63230E01E97330500346BDC /* AppDelegate.swift */ = {isa = PBXFileReference; lastKnownFileType = sourcecode.swift; name = AppDelegate.swift; path = ../../AppDelegate.swift; sourceTree = "<group>"; };
		D63230E71E97330500346BDC /* Assets.xcassets */ = {isa = PBXFileReference; lastKnownFileType = folder.assetcatalog; name = Assets.xcassets; path = ../Assets.xcassets; sourceTree = "<group>"; };
		D63230EC1E97330500346BDC /* Info.plist */ = {isa = PBXFileReference; lastKnownFileType = text.plist.xml; name = Info.plist; path = ../Info.plist; sourceTree = "<group>"; };
/* End PBXFileReference section */

/* Begin PBXFrameworksBuildPhase section */
		D63230DA1E97330500346BDC /* Frameworks */ = {
			isa = PBXFrameworksBuildPhase;
			buildActionMask = 2147483647;
			files = (
				F75D30660B0A6456977AA257 /* Pods_BehanceDaily.framework in Frameworks */,
			);
			runOnlyForDeploymentPostprocessing = 0;
		};
/* End PBXFrameworksBuildPhase section */

/* Begin PBXGroup section */
		6E024AB6B9396D275CE4D5C6 /* Pods */ = {
			isa = PBXGroup;
			children = (
				9306FD3ECAF39FDD289B9191 /* Pods-BehanceDaily.debug.xcconfig */,
				AC605CFF17F5228E7E659B25 /* Pods-BehanceDaily.release.xcconfig */,
			);
			name = Pods;
			sourceTree = "<group>";
		};
		9F3523888D206C5D7A80E4AC /* Frameworks */ = {
			isa = PBXGroup;
			children = (
				3446F528EA75BB27EDF743E2 /* Pods_BehanceDaily.framework */,
			);
			name = Frameworks;
			sourceTree = "<group>";
		};
		D63230D41E97330400346BDC = {
			isa = PBXGroup;
			children = (
				D63230DF1E97330500346BDC /* BehanceDaily */,
				D63230DE1E97330500346BDC /* Products */,
				6E024AB6B9396D275CE4D5C6 /* Pods */,
				9F3523888D206C5D7A80E4AC /* Frameworks */,
			);
			sourceTree = "<group>";
		};
		D63230DE1E97330500346BDC /* Products */ = {
			isa = PBXGroup;
			children = (
				D63230DD1E97330500346BDC /* BehanceDaily.app */,
			);
			name = Products;
			sourceTree = "<group>";
		};
		D63230DF1E97330500346BDC /* BehanceDaily */ = {
			isa = PBXGroup;
			children = (
				D63230F21E9737F300346BDC /* Application */,
				D63230F91E973AFF00346BDC /* Library */,
				D63230F81E973ADA00346BDC /* Resource */,
			);
			path = BehanceDaily;
			sourceTree = "<group>";
		};
		D63230F21E9737F300346BDC /* Application */ = {
			isa = PBXGroup;
			children = (
				D63230F71E973AA800346BDC /* Network */,
				D63230F61E973A9F00346BDC /* UI */,
				D63230F51E973A9500346BDC /* Data */,
				D63230F41E973A8800346BDC /* Define */,
				D63230F31E973A7700346BDC /* App */,
			);
			path = Application;
			sourceTree = "<group>";
		};
		D63230F31E973A7700346BDC /* App */ = {
			isa = PBXGroup;
			children = (
				D63230E01E97330500346BDC /* AppDelegate.swift */,
			);
			path = App;
			sourceTree = "<group>";
		};
		D63230F41E973A8800346BDC /* Define */ = {
			isa = PBXGroup;
			children = (
			);
			path = Define;
			sourceTree = "<group>";
		};
		D63230F51E973A9500346BDC /* Data */ = {
			isa = PBXGroup;
			children = (
			);
			path = Data;
			sourceTree = "<group>";
		};
		D63230F61E973A9F00346BDC /* UI */ = {
			isa = PBXGroup;
			children = (
			);
			path = UI;
			sourceTree = "<group>";
		};
		D63230F71E973AA800346BDC /* Network */ = {
			isa = PBXGroup;
			children = (
			);
			path = Network;
			sourceTree = "<group>";
		};
		D63230F81E973ADA00346BDC /* Resource */ = {
			isa = PBXGroup;
			children = (
				D63230E71E97330500346BDC /* Assets.xcassets */,
				D63230EC1E97330500346BDC /* Info.plist */,
			);
			path = Resource;
			sourceTree = "<group>";
		};
		D63230F91E973AFF00346BDC /* Library */ = {
			isa = PBXGroup;
			children = (
			);
			path = Library;
			sourceTree = "<group>";
		};
/* End PBXGroup section */

/* Begin PBXNativeTarget section */
		D63230DC1E97330500346BDC /* BehanceDaily */ = {
			isa = PBXNativeTarget;
			buildConfigurationList = D63230EF1E97330500346BDC /* Build configuration list for PBXNativeTarget "BehanceDaily" */;
			buildPhases = (
				C233CE796720DD916876B6B2 /* [CP] Check Pods Manifest.lock */,
				D63230D91E97330500346BDC /* Sources */,
				D63230DA1E97330500346BDC /* Frameworks */,
				D63230DB1E97330500346BDC /* Resources */,
				E4BC64A1C620654D852E4544 /* [CP] Embed Pods Frameworks */,
				2889572AFF8375A2A08D046B /* [CP] Copy Pods Resources */,
			);
			buildRules = (
			);
			dependencies = (
			);
			name = BehanceDaily;
			productName = BehanceDaily;
			productReference = D63230DD1E97330500346BDC /* BehanceDaily.app */;
			productType = "com.apple.product-type.application";
		};
/* End PBXNativeTarget section */

/* Begin PBXProject section */
		D63230D51E97330400346BDC /* Project object */ = {
			isa = PBXProject;
			attributes = {
				LastSwiftUpdateCheck = 0830;
				LastUpgradeCheck = 0830;
				ORGANIZATIONNAME = chenkai;
				TargetAttributes = {
					D63230DC1E97330500346BDC = {
						CreatedOnToolsVersion = 8.3;
						ProvisioningStyle = Automatic;
					};
				};
			};
			buildConfigurationList = D63230D81E97330400346BDC /* Build configuration list for PBXProject "BehanceDaily" */;
			compatibilityVersion = "Xcode 3.2";
			developmentRegion = English;
			hasScannedForEncodings = 0;
			knownRegions = (
				en,
				Base,
			);
			mainGroup = D63230D41E97330400346BDC;
			productRefGroup = D63230DE1E97330500346BDC /* Products */;
			projectDirPath = "";
			projectRoot = "";
			targets = (
				D63230DC1E97330500346BDC /* BehanceDaily */,
			);
		};
/* End PBXProject section */

/* Begin PBXResourcesBuildPhase section */
		D63230DB1E97330500346BDC /* Resources */ = {
			isa = PBXResourcesBuildPhase;
			buildActionMask = 2147483647;
			files = (
				D63230E81E97330500346BDC /* Assets.xcassets in Resources */,
			);
			runOnlyForDeploymentPostprocessing = 0;
		};
/* End PBXResourcesBuildPhase section */

/* Begin PBXShellScriptBuildPhase section */
		2889572AFF8375A2A08D046B /* [CP] Copy Pods Resources */ = {
			isa = PBXShellScriptBuildPhase;
			buildActionMask = 2147483647;
			files = (
			);
			inputPaths = (
			);
			name = "[CP] Copy Pods Resources";
			outputPaths = (
			);
			runOnlyForDeploymentPostprocessing = 0;
			shellPath = /bin/sh;
			shellScript = "\"${SRCROOT}/Pods/Target Support Files/Pods-BehanceDaily/Pods-BehanceDaily-resources.sh\"\n";
			showEnvVarsInLog = 0;
		};
		C233CE796720DD916876B6B2 /* [CP] Check Pods Manifest.lock */ = {
			isa = PBXShellScriptBuildPhase;
			buildActionMask = 2147483647;
			files = (
			);
			inputPaths = (
			);
			name = "[CP] Check Pods Manifest.lock";
			outputPaths = (
			);
			runOnlyForDeploymentPostprocessing = 0;
			shellPath = /bin/sh;
			shellScript = "diff \"${PODS_PODFILE_DIR_PATH}/Podfile.lock\" \"${PODS_ROOT}/Manifest.lock\" > /dev/null\nif [ $? != 0 ] ; then\n    # print error to STDERR\n    echo \"error: The sandbox is not in sync with the Podfile.lock. Run 'pod install' or update your CocoaPods installation.\" >&2\n    exit 1\nfi\n";
			showEnvVarsInLog = 0;
		};
		E4BC64A1C620654D852E4544 /* [CP] Embed Pods Frameworks */ = {
			isa = PBXShellScriptBuildPhase;
			buildActionMask = 2147483647;
			files = (
			);
			inputPaths = (
			);
			name = "[CP] Embed Pods Frameworks";
			outputPaths = (
			);
			runOnlyForDeploymentPostprocessing = 0;
			shellPath = /bin/sh;
			shellScript = "\"${SRCROOT}/Pods/Target Support Files/Pods-BehanceDaily/Pods-BehanceDaily-frameworks.sh\"\n";
			showEnvVarsInLog = 0;
		};
/* End PBXShellScriptBuildPhase section */

/* Begin PBXSourcesBuildPhase section */
		D63230D91E97330500346BDC /* Sources */ = {
			isa = PBXSourcesBuildPhase;
			buildActionMask = 2147483647;
			files = (
				D63230E11E97330500346BDC /* AppDelegate.swift in Sources */,
			);
			runOnlyForDeploymentPostprocessing = 0;
		};
/* End PBXSourcesBuildPhase section */

/* Begin XCBuildConfiguration section */
		D63230ED1E97330500346BDC /* Debug */ = {
			isa = XCBuildConfiguration;
			buildSettings = {
				ALWAYS_SEARCH_USER_PATHS = NO;
				CLANG_ANALYZER_NONNULL = YES;
				CLANG_ANALYZER_NUMBER_OBJECT_CONVERSION = YES_AGGRESSIVE;
				CLANG_CXX_LANGUAGE_STANDARD = "gnu++0x";
				CLANG_CXX_LIBRARY = "libc++";
				CLANG_ENABLE_MODULES = YES;
				CLANG_ENABLE_OBJC_ARC = YES;
				CLANG_WARN_BOOL_CONVERSION = YES;
				CLANG_WARN_CONSTANT_CONVERSION = YES;
				CLANG_WARN_DIRECT_OBJC_ISA_USAGE = YES_ERROR;
				CLANG_WARN_DOCUMENTATION_COMMENTS = YES;
				CLANG_WARN_EMPTY_BODY = YES;
				CLANG_WARN_ENUM_CONVERSION = YES;
				CLANG_WARN_INFINITE_RECURSION = YES;
				CLANG_WARN_INT_CONVERSION = YES;
				CLANG_WARN_OBJC_ROOT_CLASS = YES_ERROR;
				CLANG_WARN_SUSPICIOUS_MOVE = YES;
				CLANG_WARN_UNREACHABLE_CODE = YES;
				CLANG_WARN__DUPLICATE_METHOD_MATCH = YES;
				"CODE_SIGN_IDENTITY[sdk=iphoneos*]" = "iPhone Developer";
				COPY_PHASE_STRIP = NO;
				DEBUG_INFORMATION_FORMAT = dwarf;
				ENABLE_STRICT_OBJC_MSGSEND = YES;
				ENABLE_TESTABILITY = YES;
				GCC_C_LANGUAGE_STANDARD = gnu99;
				GCC_DYNAMIC_NO_PIC = NO;
				GCC_NO_COMMON_BLOCKS = YES;
				GCC_OPTIMIZATION_LEVEL = 0;
				GCC_PREPROCESSOR_DEFINITIONS = (
					"DEBUG=1",
					"$(inherited)",
				);
				GCC_WARN_64_TO_32_BIT_CONVERSION = YES;
				GCC_WARN_ABOUT_RETURN_TYPE = YES_ERROR;
				GCC_WARN_UNDECLARED_SELECTOR = YES;
				GCC_WARN_UNINITIALIZED_AUTOS = YES_AGGRESSIVE;
				GCC_WARN_UNUSED_FUNCTION = YES;
				GCC_WARN_UNUSED_VARIABLE = YES;
				IPHONEOS_DEPLOYMENT_TARGET = 10.3;
				MTL_ENABLE_DEBUG_INFO = YES;
				ONLY_ACTIVE_ARCH = YES;
				SDKROOT = iphoneos;
				SWIFT_ACTIVE_COMPILATION_CONDITIONS = DEBUG;
				SWIFT_OPTIMIZATION_LEVEL = "-Onone";
			};
			name = Debug;
		};
		D63230EE1E97330500346BDC /* Release */ = {
			isa = XCBuildConfiguration;
			buildSettings = {
				ALWAYS_SEARCH_USER_PATHS = NO;
				CLANG_ANALYZER_NONNULL = YES;
				CLANG_ANALYZER_NUMBER_OBJECT_CONVERSION = YES_AGGRESSIVE;
				CLANG_CXX_LANGUAGE_STANDARD = "gnu++0x";
				CLANG_CXX_LIBRARY = "libc++";
				CLANG_ENABLE_MODULES = YES;
				CLANG_ENABLE_OBJC_ARC = YES;
				CLANG_WARN_BOOL_CONVERSION = YES;
				CLANG_WARN_CONSTANT_CONVERSION = YES;
				CLANG_WARN_DIRECT_OBJC_ISA_USAGE = YES_ERROR;
				CLANG_WARN_DOCUMENTATION_COMMENTS = YES;
				CLANG_WARN_EMPTY_BODY = YES;
				CLANG_WARN_ENUM_CONVERSION = YES;
				CLANG_WARN_INFINITE_RECURSION = YES;
				CLANG_WARN_INT_CONVERSION = YES;
				CLANG_WARN_OBJC_ROOT_CLASS = YES_ERROR;
				CLANG_WARN_SUSPICIOUS_MOVE = YES;
				CLANG_WARN_UNREACHABLE_CODE = YES;
				CLANG_WARN__DUPLICATE_METHOD_MATCH = YES;
				"CODE_SIGN_IDENTITY[sdk=iphoneos*]" = "iPhone Developer";
				COPY_PHASE_STRIP = NO;
				DEBUG_INFORMATION_FORMAT = "dwarf-with-dsym";
				ENABLE_NS_ASSERTIONS = NO;
				ENABLE_STRICT_OBJC_MSGSEND = YES;
				GCC_C_LANGUAGE_STANDARD = gnu99;
				GCC_NO_COMMON_BLOCKS = YES;
				GCC_WARN_64_TO_32_BIT_CONVERSION = YES;
				GCC_WARN_ABOUT_RETURN_TYPE = YES_ERROR;
				GCC_WARN_UNDECLARED_SELECTOR = YES;
				GCC_WARN_UNINITIALIZED_AUTOS = YES_AGGRESSIVE;
				GCC_WARN_UNUSED_FUNCTION = YES;
				GCC_WARN_UNUSED_VARIABLE = YES;
				IPHONEOS_DEPLOYMENT_TARGET = 10.3;
				MTL_ENABLE_DEBUG_INFO = NO;
				SDKROOT = iphoneos;
				SWIFT_OPTIMIZATION_LEVEL = "-Owholemodule";
				VALIDATE_PRODUCT = YES;
			};
			name = Release;
		};
		D63230F01E97330500346BDC /* Debug */ = {
			isa = XCBuildConfiguration;
			baseConfigurationReference = 9306FD3ECAF39FDD289B9191 /* Pods-BehanceDaily.debug.xcconfig */;
			buildSettings = {
				ASSETCATALOG_COMPILER_APPICON_NAME = AppIcon;
				INFOPLIST_FILE = BehanceDaily/Info.plist;
				LD_RUNPATH_SEARCH_PATHS = "$(inherited) @executable_path/Frameworks";
				PRODUCT_BUNDLE_IDENTIFIER = chenkai.BehanceDaily;
				PRODUCT_NAME = "$(TARGET_NAME)";
				SWIFT_VERSION = 3.0;
			};
			name = Debug;
		};
		D63230F11E97330500346BDC /* Release */ = {
			isa = XCBuildConfiguration;
			baseConfigurationReference = AC605CFF17F5228E7E659B25 /* Pods-BehanceDaily.release.xcconfig */;
			buildSettings = {
				ASSETCATALOG_COMPILER_APPICON_NAME = AppIcon;
				INFOPLIST_FILE = BehanceDaily/Info.plist;
				LD_RUNPATH_SEARCH_PATHS = "$(inherited) @executable_path/Frameworks";
				PRODUCT_BUNDLE_IDENTIFIER = chenkai.BehanceDaily;
				PRODUCT_NAME = "$(TARGET_NAME)";
				SWIFT_VERSION = 3.0;
			};
			name = Release;
		};
/* End XCBuildConfiguration section */

/* Begin XCConfigurationList section */
		D63230D81E97330400346BDC /* Build configuration list for PBXProject "BehanceDaily" */ = {
			isa = XCConfigurationList;
			buildConfigurations = (
				D63230ED1E97330500346BDC /* Debug */,
				D63230EE1E97330500346BDC /* Release */,
			);
			defaultConfigurationIsVisible = 0;
			defaultConfigurationName = Release;
		};
		D63230EF1E97330500346BDC /* Build configuration list for PBXNativeTarget "BehanceDaily" */ = {
			isa = XCConfigurationList;
			buildConfigurations = (
				D63230F01E97330500346BDC /* Debug */,
				D63230F11E97330500346BDC /* Release */,
			);
			defaultConfigurationIsVisible = 0;
			defaultConfigurationName = Release;
		};
/* End XCConfigurationList section */
	};
	rootObject = D63230D51E97330400346BDC /* Project object */;
}
